
Microsoft Visual Studio Solution File, Format Version 12.00
# Visual Studio Version 17
VisualStudioVersion = 17.6.33723.286
MinimumVisualStudioVersion = 10.0.40219.1
Project("{FAE04EC0-301F-11D3-BF4B-00C04F79EFBC}") = "ConsoleApp-PresentitionLayer", "ConsoleApp-PresentitionLayer.csproj", "{3C60491A-5E39-4F1D-8379-E3061C4693C0}"
EndProject
Project("{FAE04EC0-301F-11D3-BF4B-00C04F79EFBC}") = "BusinessLayer", "..\BusinessLayer\BusinessLayer.csproj", "{B8BBE4E9-B9F3-4F39-A881-995A4587CF79}"
EndProject
Project("{FAE04EC0-301F-11D3-BF4B-00C04F79EFBC}") = "DataAccessLayer", "..\DataAccessLayer\DataAccessLayer.csproj", "{C3EBAB12-6891-4EE4-99E9-6956586C7B88}"
EndProject
Global
	GlobalSection(SolutionConfigurationPlatforms) = preSolution
		Debug|Any CPU = Debug|Any CPU
		Release|Any CPU = Release|Any CPU
	EndGlobalSection
	GlobalSection(ProjectConfigurationPlatforms) = postSolution
		{3C60491A-5E39-4F1D-8379-E3061C4693C0}.Debug|Any CPU.ActiveCfg = Debug|Any CPU
		{3C60491A-5E39-4F1D-8379-E3061C4693C0}.Debug|Any CPU.Build.0 = Debug|Any CPU
		{3C60491A-5E39-4F1D-8379-E3061C4693C0}.Release|Any CPU.ActiveCfg = Release|Any CPU
		{3C60491A-5E39-4F1D-8379-E3061C4693C0}.Release|Any CPU.Build.0 = Release|Any CPU
		{B8BBE4E9-B9F3-4F39-A881-995A4587CF79}.Debug|Any CPU.ActiveCfg = Debug|Any CPU
		{B8BBE4E9-B9F3-4F39-A881-995A4587CF79}.Debug|Any CPU.Build.0 = Debug|Any CPU
		{B8BBE4E9-B9F3-4F39-A881-995A4587CF79}.Release|Any CPU.ActiveCfg = Release|Any CPU
		{B8BBE4E9-B9F3-4F39-A881-995A4587CF79}.Release|Any CPU.Build.0 = Release|Any CPU
		{C3EBAB12-6891-4EE4-99E9-6956586C7B88}.Debug|Any CPU.ActiveCfg = Debug|Any CPU
		{C3EBAB12-6891-4EE4-99E9-6956586C7B88}.Debug|Any CPU.Build.0 = Debug|Any CPU
		{C3EBAB12-6891-4EE4-99E9-6956586C7B88}.Release|Any CPU.ActiveCfg = Release|Any CPU
		{C3EBAB12-6891-4EE4-99E9-6956586C7B88}.Release|Any CPU.Build.0 = Release|Any CPU
	EndGlobalSection
	GlobalSection(SolutionProperties) = preSolution
		HideSolutionNode = FALSE
	EndGlobalSection
	GlobalSection(ExtensibilityGlobals) = postSolution
		SolutionGuid = {81286244-29E6-4241-AA2A-D655A19BA36E}
	EndGlobalSection
EndGlobal
